// !$*UTF8*$!
{
	archiveVersion = 1;
	classes = {
	};
	objectVersion = 56;
	objects = {

/* Begin PBXBuildFile section */
		480A34ECEFB1DE8059417848 /* Pods_Mongmori.framework in Frameworks */ = {isa = PBXBuildFile; fileRef = 583599F2B39FD78E19A0ED54 /* Pods_Mongmori.framework */; };
		A74721462B17759500006BAE /* TestLottieView.swift in Sources */ = {isa = PBXBuildFile; fileRef = A74721452B17759500006BAE /* TestLottieView.swift */; };
		A74721482B1775B100006BAE /* Test1.json in Resources */ = {isa = PBXBuildFile; fileRef = A74721472B1775B100006BAE /* Test1.json */; };
		A77E60DE2B176F31004A36BB /* MongmoriApp.swift in Sources */ = {isa = PBXBuildFile; fileRef = A77E60DD2B176F31004A36BB /* MongmoriApp.swift */; };
		A77E60E02B176F31004A36BB /* ContentView.swift in Sources */ = {isa = PBXBuildFile; fileRef = A77E60DF2B176F31004A36BB /* ContentView.swift */; };
		A77E60E22B176F32004A36BB /* Assets.xcassets in Resources */ = {isa = PBXBuildFile; fileRef = A77E60E12B176F32004A36BB /* Assets.xcassets */; };
		A77E60E52B176F32004A36BB /* Preview Assets.xcassets in Resources */ = {isa = PBXBuildFile; fileRef = A77E60E42B176F32004A36BB /* Preview Assets.xcassets */; };
		A77E60F32B17734E004A36BB /* Date.swift in Sources */ = {isa = PBXBuildFile; fileRef = A77E60F22B17734E004A36BB /* Date.swift */; };
		A77E60F52B177355004A36BB /* DateString.swift in Sources */ = {isa = PBXBuildFile; fileRef = A77E60F42B177355004A36BB /* DateString.swift */; };
		A77E60F82B177383004A36BB /* ColorExtentsion.swift in Sources */ = {isa = PBXBuildFile; fileRef = A77E60F72B177383004A36BB /* ColorExtentsion.swift */; };
		A77E60FB2B17739E004A36BB /* Constants.swift in Sources */ = {isa = PBXBuildFile; fileRef = A77E60FA2B17739E004A36BB /* Constants.swift */; };
		A77E60FE2B1773C8004A36BB /* FontManager.swift in Sources */ = {isa = PBXBuildFile; fileRef = A77E60FD2B1773C8004A36BB /* FontManager.swift */; };
		A77E61012B17743E004A36BB /* LottieViewManager.swift in Sources */ = {isa = PBXBuildFile; fileRef = A77E61002B17743E004A36BB /* LottieViewManager.swift */; };
		A77E61042B177480004A36BB /* Modifiers.swift in Sources */ = {isa = PBXBuildFile; fileRef = A77E61032B177480004A36BB /* Modifiers.swift */; };
		A7A5558E2B177CD900D5AF7F /* TestModel.swift in Sources */ = {isa = PBXBuildFile; fileRef = A7A5558D2B177CD900D5AF7F /* TestModel.swift */; };
		A7A555902B177CE200D5AF7F /* TestViewModel.swift in Sources */ = {isa = PBXBuildFile; fileRef = A7A5558F2B177CE200D5AF7F /* TestViewModel.swift */; };
		A7A555942B177D9600D5AF7F /* MapView.swift in Sources */ = {isa = PBXBuildFile; fileRef = A7A555932B177D9600D5AF7F /* MapView.swift */; };
		A7A555962B177E2600D5AF7F /* LocationManager.swift in Sources */ = {isa = PBXBuildFile; fileRef = A7A555952B177E2600D5AF7F /* LocationManager.swift */; };
		A7A5559A2B1782F600D5AF7F /* Config.xcconfig in Resources */ = {isa = PBXBuildFile; fileRef = A7A555992B1782F600D5AF7F /* Config.xcconfig */; };
		A7A5559D2B178C3500D5AF7F /* ResultsSummaryScreen.swift in Sources */ = {isa = PBXBuildFile; fileRef = A7A5559C2B178C3500D5AF7F /* ResultsSummaryScreen.swift */; };
		A7A555A12B179DF500D5AF7F /* ResultListView.swift in Sources */ = {isa = PBXBuildFile; fileRef = A7A555A02B179DF500D5AF7F /* ResultListView.swift */; };
		A7A555A32B17AB8800D5AF7F /* DetailResultListView.swift in Sources */ = {isa = PBXBuildFile; fileRef = A7A555A22B17AB8800D5AF7F /* DetailResultListView.swift */; };
		A7A555A52B17C87F00D5AF7F /* ChatBotView.swift in Sources */ = {isa = PBXBuildFile; fileRef = A7A555A42B17C87F00D5AF7F /* ChatBotView.swift */; };
		A7A555A72B17D7DC00D5AF7F /* ChattingView.swift in Sources */ = {isa = PBXBuildFile; fileRef = A7A555A62B17D7DC00D5AF7F /* ChattingView.swift */; };
		A7A555A92B18125100D5AF7F /* ResultsSummaryScreen2.swift in Sources */ = {isa = PBXBuildFile; fileRef = A7A555A82B18125100D5AF7F /* ResultsSummaryScreen2.swift */; };
		A7A555AB2B182A5C00D5AF7F /* ResponseChatResultView.swift in Sources */ = {isa = PBXBuildFile; fileRef = A7A555AA2B182A5C00D5AF7F /* ResponseChatResultView.swift */; };
		A7A555AD2B1840F200D5AF7F /* TestView.swift in Sources */ = {isa = PBXBuildFile; fileRef = A7A555AC2B1840F200D5AF7F /* TestView.swift */; };
/* End PBXBuildFile section */

/* Begin PBXFileReference section */
		583599F2B39FD78E19A0ED54 /* Pods_Mongmori.framework */ = {isa = PBXFileReference; explicitFileType = wrapper.framework; includeInIndex = 0; path = Pods_Mongmori.framework; sourceTree = BUILT_PRODUCTS_DIR; };
		9E452600B7F577ECD06DD3E0 /* Pods-Mongmori.release.xcconfig */ = {isa = PBXFileReference; includeInIndex = 1; lastKnownFileType = text.xcconfig; name = "Pods-Mongmori.release.xcconfig"; path = "Target Support Files/Pods-Mongmori/Pods-Mongmori.release.xcconfig"; sourceTree = "<group>"; };
		A74721452B17759500006BAE /* TestLottieView.swift */ = {isa = PBXFileReference; lastKnownFileType = sourcecode.swift; path = TestLottieView.swift; sourceTree = "<group>"; };
		A74721472B1775B100006BAE /* Test1.json */ = {isa = PBXFileReference; fileEncoding = 4; lastKnownFileType = text.json; path = Test1.json; sourceTree = "<group>"; };
		A77E60DA2B176F31004A36BB /* Mongmori.app */ = {isa = PBXFileReference; explicitFileType = wrapper.application; includeInIndex = 0; path = Mongmori.app; sourceTree = BUILT_PRODUCTS_DIR; };
		A77E60DD2B176F31004A36BB /* MongmoriApp.swift */ = {isa = PBXFileReference; lastKnownFileType = sourcecode.swift; path = MongmoriApp.swift; sourceTree = "<group>"; };
		A77E60DF2B176F31004A36BB /* ContentView.swift */ = {isa = PBXFileReference; lastKnownFileType = sourcecode.swift; path = ContentView.swift; sourceTree = "<group>"; };
		A77E60E12B176F32004A36BB /* Assets.xcassets */ = {isa = PBXFileReference; lastKnownFileType = folder.assetcatalog; path = Assets.xcassets; sourceTree = "<group>"; };
		A77E60E42B176F32004A36BB /* Preview Assets.xcassets */ = {isa = PBXFileReference; lastKnownFileType = folder.assetcatalog; path = "Preview Assets.xcassets"; sourceTree = "<group>"; };
		A77E60F22B17734E004A36BB /* Date.swift */ = {isa = PBXFileReference; lastKnownFileType = sourcecode.swift; path = Date.swift; sourceTree = "<group>"; };
		A77E60F42B177355004A36BB /* DateString.swift */ = {isa = PBXFileReference; lastKnownFileType = sourcecode.swift; path = DateString.swift; sourceTree = "<group>"; };
		A77E60F72B177383004A36BB /* ColorExtentsion.swift */ = {isa = PBXFileReference; lastKnownFileType = sourcecode.swift; path = ColorExtentsion.swift; sourceTree = "<group>"; };
		A77E60FA2B17739E004A36BB /* Constants.swift */ = {isa = PBXFileReference; lastKnownFileType = sourcecode.swift; path = Constants.swift; sourceTree = "<group>"; };
		A77E60FD2B1773C8004A36BB /* FontManager.swift */ = {isa = PBXFileReference; lastKnownFileType = sourcecode.swift; path = FontManager.swift; sourceTree = "<group>"; };
		A77E61002B17743E004A36BB /* LottieViewManager.swift */ = {isa = PBXFileReference; lastKnownFileType = sourcecode.swift; path = LottieViewManager.swift; sourceTree = "<group>"; };
		A77E61032B177480004A36BB /* Modifiers.swift */ = {isa = PBXFileReference; lastKnownFileType = sourcecode.swift; path = Modifiers.swift; sourceTree = "<group>"; };
		A7A5558D2B177CD900D5AF7F /* TestModel.swift */ = {isa = PBXFileReference; lastKnownFileType = sourcecode.swift; path = TestModel.swift; sourceTree = "<group>"; };
		A7A5558F2B177CE200D5AF7F /* TestViewModel.swift */ = {isa = PBXFileReference; lastKnownFileType = sourcecode.swift; path = TestViewModel.swift; sourceTree = "<group>"; };
		A7A555932B177D9600D5AF7F /* MapView.swift */ = {isa = PBXFileReference; lastKnownFileType = sourcecode.swift; path = MapView.swift; sourceTree = "<group>"; };
		A7A555952B177E2600D5AF7F /* LocationManager.swift */ = {isa = PBXFileReference; lastKnownFileType = sourcecode.swift; path = LocationManager.swift; sourceTree = "<group>"; };
		A7A555992B1782F600D5AF7F /* Config.xcconfig */ = {isa = PBXFileReference; fileEncoding = 4; lastKnownFileType = text.xcconfig; path = Config.xcconfig; sourceTree = "<group>"; };
		A7A5559B2B17838200D5AF7F /* Info.plist */ = {isa = PBXFileReference; lastKnownFileType = text.plist; path = Info.plist; sourceTree = "<group>"; };
		A7A5559C2B178C3500D5AF7F /* ResultsSummaryScreen.swift */ = {isa = PBXFileReference; lastKnownFileType = sourcecode.swift; path = ResultsSummaryScreen.swift; sourceTree = "<group>"; };
		A7A555A02B179DF500D5AF7F /* ResultListView.swift */ = {isa = PBXFileReference; lastKnownFileType = sourcecode.swift; path = ResultListView.swift; sourceTree = "<group>"; };
		A7A555A22B17AB8800D5AF7F /* DetailResultListView.swift */ = {isa = PBXFileReference; lastKnownFileType = sourcecode.swift; path = DetailResultListView.swift; sourceTree = "<group>"; };
		A7A555A42B17C87F00D5AF7F /* ChatBotView.swift */ = {isa = PBXFileReference; lastKnownFileType = sourcecode.swift; path = ChatBotView.swift; sourceTree = "<group>"; };
		A7A555A62B17D7DC00D5AF7F /* ChattingView.swift */ = {isa = PBXFileReference; lastKnownFileType = sourcecode.swift; path = ChattingView.swift; sourceTree = "<group>"; };
		A7A555A82B18125100D5AF7F /* ResultsSummaryScreen2.swift */ = {isa = PBXFileReference; lastKnownFileType = sourcecode.swift; path = ResultsSummaryScreen2.swift; sourceTree = "<group>"; };
		A7A555AA2B182A5C00D5AF7F /* ResponseChatResultView.swift */ = {isa = PBXFileReference; lastKnownFileType = sourcecode.swift; path = ResponseChatResultView.swift; sourceTree = "<group>"; };
		A7A555AC2B1840F200D5AF7F /* TestView.swift */ = {isa = PBXFileReference; lastKnownFileType = sourcecode.swift; path = TestView.swift; sourceTree = "<group>"; };
		AE87DBA4BA873EFAD2D715E2 /* Pods-Mongmori.debug.xcconfig */ = {isa = PBXFileReference; includeInIndex = 1; lastKnownFileType = text.xcconfig; name = "Pods-Mongmori.debug.xcconfig"; path = "Target Support Files/Pods-Mongmori/Pods-Mongmori.debug.xcconfig"; sourceTree = "<group>"; };
/* End PBXFileReference section */

/* Begin PBXFrameworksBuildPhase section */
		A77E60D72B176F31004A36BB /* Frameworks */ = {
			isa = PBXFrameworksBuildPhase;
			buildActionMask = 2147483647;
			files = (
				480A34ECEFB1DE8059417848 /* Pods_Mongmori.framework in Frameworks */,
			);
			runOnlyForDeploymentPostprocessing = 0;
		};
/* End PBXFrameworksBuildPhase section */

/* Begin PBXGroup section */
		9BBA3A8936959C9BFC8005D4 /* Pods */ = {
			isa = PBXGroup;
			children = (
				AE87DBA4BA873EFAD2D715E2 /* Pods-Mongmori.debug.xcconfig */,
				9E452600B7F577ECD06DD3E0 /* Pods-Mongmori.release.xcconfig */,
			);
			path = Pods;
			sourceTree = "<group>";
		};
		A77E60D12B176F31004A36BB = {
			isa = PBXGroup;
			children = (
				A77E60DC2B176F31004A36BB /* Mongmori */,
				A77E60DB2B176F31004A36BB /* Products */,
				9BBA3A8936959C9BFC8005D4 /* Pods */,
				E3FE6CA4F94E2F55FF7C10D3 /* Frameworks */,
			);
			sourceTree = "<group>";
		};
		A77E60DB2B176F31004A36BB /* Products */ = {
			isa = PBXGroup;
			children = (
				A77E60DA2B176F31004A36BB /* Mongmori.app */,
			);
			name = Products;
			sourceTree = "<group>";
		};
		A77E60DC2B176F31004A36BB /* Mongmori */ = {
			isa = PBXGroup;
			children = (
				A7A555992B1782F600D5AF7F /* Config.xcconfig */,
				A7A5559B2B17838200D5AF7F /* Info.plist */,
				A77E60EC2B1772F5004A36BB /* Configuration */,
				A77E60EB2B1772F1004A36BB /* Source */,
				A77E60DD2B176F31004A36BB /* MongmoriApp.swift */,
				A77E60DF2B176F31004A36BB /* ContentView.swift */,
				A77E60E12B176F32004A36BB /* Assets.xcassets */,
				A77E60E32B176F32004A36BB /* Preview Content */,
			);
			path = Mongmori;
			sourceTree = "<group>";
		};
		A77E60E32B176F32004A36BB /* Preview Content */ = {
			isa = PBXGroup;
			children = (
				A77E60E42B176F32004A36BB /* Preview Assets.xcassets */,
			);
			path = "Preview Content";
			sourceTree = "<group>";
		};
		A77E60EB2B1772F1004A36BB /* Source */ = {
			isa = PBXGroup;
			children = (
				A7A555912B177D7900D5AF7F /* Map */,
				A77E60F02B17732D004A36BB /* Views */,
				A77E60ED2B177313004A36BB /* Networking */,
			);
			path = Source;
			sourceTree = "<group>";
		};
		A77E60EC2B1772F5004A36BB /* Configuration */ = {
			isa = PBXGroup;
			children = (
				A77E61022B177474004A36BB /* Modifiers */,
				A77E60FF2B1773E5004A36BB /* Lottie */,
				A77E60FC2B1773AF004A36BB /* Font */,
				A77E60F92B17738F004A36BB /* Constants */,
				A77E60F62B177377004A36BB /* Color */,
				A77E60F12B17733F004A36BB /* Date */,
			);
			path = Configuration;
			sourceTree = "<group>";
		};
		A77E60ED2B177313004A36BB /* Networking */ = {
			isa = PBXGroup;
			children = (
				A77E60EF2B177321004A36BB /* Models */,
				A77E60EE2B17731E004A36BB /* ViewModels */,
			);
			path = Networking;
			sourceTree = "<group>";
		};
		A77E60EE2B17731E004A36BB /* ViewModels */ = {
			isa = PBXGroup;
			children = (
				A7A5558F2B177CE200D5AF7F /* TestViewModel.swift */,
			);
			path = ViewModels;
			sourceTree = "<group>";
		};
		A77E60EF2B177321004A36BB /* Models */ = {
			isa = PBXGroup;
			children = (
				A7A5558D2B177CD900D5AF7F /* TestModel.swift */,
			);
			path = Models;
			sourceTree = "<group>";
		};
		A77E60F02B17732D004A36BB /* Views */ = {
			isa = PBXGroup;
			children = (
				A7A5559C2B178C3500D5AF7F /* ResultsSummaryScreen.swift */,
				A7A555A82B18125100D5AF7F /* ResultsSummaryScreen2.swift */,
				A7A555A02B179DF500D5AF7F /* ResultListView.swift */,
				A7A555A22B17AB8800D5AF7F /* DetailResultListView.swift */,
				A7A555A42B17C87F00D5AF7F /* ChatBotView.swift */,
				A7A555A62B17D7DC00D5AF7F /* ChattingView.swift */,
				A7A555AA2B182A5C00D5AF7F /* ResponseChatResultView.swift */,
				A7A555AC2B1840F200D5AF7F /* TestView.swift */,
			);
			path = Views;
			sourceTree = "<group>";
		};
		A77E60F12B17733F004A36BB /* Date */ = {
			isa = PBXGroup;
			children = (
				A77E60F22B17734E004A36BB /* Date.swift */,
				A77E60F42B177355004A36BB /* DateString.swift */,
			);
			path = Date;
			sourceTree = "<group>";
		};
		A77E60F62B177377004A36BB /* Color */ = {
			isa = PBXGroup;
			children = (
				A77E60F72B177383004A36BB /* ColorExtentsion.swift */,
			);
			path = Color;
			sourceTree = "<group>";
		};
		A77E60F92B17738F004A36BB /* Constants */ = {
			isa = PBXGroup;
			children = (
				A77E60FA2B17739E004A36BB /* Constants.swift */,
			);
			path = Constants;
			sourceTree = "<group>";
		};
		A77E60FC2B1773AF004A36BB /* Font */ = {
			isa = PBXGroup;
			children = (
				A77E60FD2B1773C8004A36BB /* FontManager.swift */,
			);
			path = Font;
			sourceTree = "<group>";
		};
		A77E60FF2B1773E5004A36BB /* Lottie */ = {
			isa = PBXGroup;
			children = (
				A77E61002B17743E004A36BB /* LottieViewManager.swift */,
				A74721452B17759500006BAE /* TestLottieView.swift */,
				A74721472B1775B100006BAE /* Test1.json */,
			);
			path = Lottie;
			sourceTree = "<group>";
		};
		A77E61022B177474004A36BB /* Modifiers */ = {
			isa = PBXGroup;
			children = (
				A77E61032B177480004A36BB /* Modifiers.swift */,
			);
			path = Modifiers;
			sourceTree = "<group>";
		};
		A7A555912B177D7900D5AF7F /* Map */ = {
			isa = PBXGroup;
			children = (
				A7A555932B177D9600D5AF7F /* MapView.swift */,
				A7A555952B177E2600D5AF7F /* LocationManager.swift */,
			);
			path = Map;
			sourceTree = "<group>";
		};
		E3FE6CA4F94E2F55FF7C10D3 /* Frameworks */ = {
			isa = PBXGroup;
			children = (
				583599F2B39FD78E19A0ED54 /* Pods_Mongmori.framework */,
			);
			name = Frameworks;
			sourceTree = "<group>";
		};
/* End PBXGroup section */

/* Begin PBXNativeTarget section */
		A77E60D92B176F31004A36BB /* Mongmori */ = {
			isa = PBXNativeTarget;
			buildConfigurationList = A77E60E82B176F32004A36BB /* Build configuration list for PBXNativeTarget "Mongmori" */;
			buildPhases = (
				68B624E53229AAB7B7DE52E6 /* [CP] Check Pods Manifest.lock */,
				A77E60D62B176F31004A36BB /* Sources */,
				A77E60D72B176F31004A36BB /* Frameworks */,
				A77E60D82B176F31004A36BB /* Resources */,
				DDA84C53D383E92DD43BC0A4 /* [CP] Embed Pods Frameworks */,
			);
			buildRules = (
			);
			dependencies = (
			);
			name = Mongmori;
			productName = Mongmori;
			productReference = A77E60DA2B176F31004A36BB /* Mongmori.app */;
			productType = "com.apple.product-type.application";
		};
/* End PBXNativeTarget section */

/* Begin PBXProject section */
		A77E60D22B176F31004A36BB /* Project object */ = {
			isa = PBXProject;
			attributes = {
				BuildIndependentTargetsInParallel = 1;
				LastSwiftUpdateCheck = 1500;
				LastUpgradeCheck = 1500;
				TargetAttributes = {
					A77E60D92B176F31004A36BB = {
						CreatedOnToolsVersion = 15.0.1;
					};
				};
			};
			buildConfigurationList = A77E60D52B176F31004A36BB /* Build configuration list for PBXProject "Mongmori" */;
			compatibilityVersion = "Xcode 14.0";
			developmentRegion = en;
			hasScannedForEncodings = 0;
			knownRegions = (
				en,
				Base,
			);
			mainGroup = A77E60D12B176F31004A36BB;
			productRefGroup = A77E60DB2B176F31004A36BB /* Products */;
			projectDirPath = "";
			projectRoot = "";
			targets = (
				A77E60D92B176F31004A36BB /* Mongmori */,
			);
		};
/* End PBXProject section */

/* Begin PBXResourcesBuildPhase section */
		A77E60D82B176F31004A36BB /* Resources */ = {
			isa = PBXResourcesBuildPhase;
			buildActionMask = 2147483647;
			files = (
				A7A5559A2B1782F600D5AF7F /* Config.xcconfig in Resources */,
				A74721482B1775B100006BAE /* Test1.json in Resources */,
				A77E60E52B176F32004A36BB /* Preview Assets.xcassets in Resources */,
				A77E60E22B176F32004A36BB /* Assets.xcassets in Resources */,
			);
			runOnlyForDeploymentPostprocessing = 0;
		};
/* End PBXResourcesBuildPhase section */

/* Begin PBXShellScriptBuildPhase section */
		68B624E53229AAB7B7DE52E6 /* [CP] Check Pods Manifest.lock */ = {
			isa = PBXShellScriptBuildPhase;
			buildActionMask = 2147483647;
			files = (
			);
			inputFileListPaths = (
			);
			inputPaths = (
				"${PODS_PODFILE_DIR_PATH}/Podfile.lock",
				"${PODS_ROOT}/Manifest.lock",
			);
			name = "[CP] Check Pods Manifest.lock";
			outputFileListPaths = (
			);
			outputPaths = (
				"$(DERIVED_FILE_DIR)/Pods-Mongmori-checkManifestLockResult.txt",
			);
			runOnlyForDeploymentPostprocessing = 0;
			shellPath = /bin/sh;
			shellScript = "diff \"${PODS_PODFILE_DIR_PATH}/Podfile.lock\" \"${PODS_ROOT}/Manifest.lock\" > /dev/null\nif [ $? != 0 ] ; then\n    # print error to STDERR\n    echo \"error: The sandbox is not in sync with the Podfile.lock. Run 'pod install' or update your CocoaPods installation.\" >&2\n    exit 1\nfi\n# This output is used by Xcode 'outputs' to avoid re-running this script phase.\necho \"SUCCESS\" > \"${SCRIPT_OUTPUT_FILE_0}\"\n";
			showEnvVarsInLog = 0;
		};
		DDA84C53D383E92DD43BC0A4 /* [CP] Embed Pods Frameworks */ = {
			isa = PBXShellScriptBuildPhase;
			buildActionMask = 2147483647;
			files = (
			);
			inputFileListPaths = (
				"${PODS_ROOT}/Target Support Files/Pods-Mongmori/Pods-Mongmori-frameworks-${CONFIGURATION}-input-files.xcfilelist",
			);
			name = "[CP] Embed Pods Frameworks";
			outputFileListPaths = (
				"${PODS_ROOT}/Target Support Files/Pods-Mongmori/Pods-Mongmori-frameworks-${CONFIGURATION}-output-files.xcfilelist",
			);
			runOnlyForDeploymentPostprocessing = 0;
			shellPath = /bin/sh;
			shellScript = "\"${PODS_ROOT}/Target Support Files/Pods-Mongmori/Pods-Mongmori-frameworks.sh\"\n";
			showEnvVarsInLog = 0;
		};
/* End PBXShellScriptBuildPhase section */

/* Begin PBXSourcesBuildPhase section */
		A77E60D62B176F31004A36BB /* Sources */ = {
			isa = PBXSourcesBuildPhase;
			buildActionMask = 2147483647;
			files = (
				A77E60F82B177383004A36BB /* ColorExtentsion.swift in Sources */,
				A7A555A12B179DF500D5AF7F /* ResultListView.swift in Sources */,
				A7A555AD2B1840F200D5AF7F /* TestView.swift in Sources */,
				A77E61012B17743E004A36BB /* LottieViewManager.swift in Sources */,
				A7A555962B177E2600D5AF7F /* LocationManager.swift in Sources */,
				A7A555902B177CE200D5AF7F /* TestViewModel.swift in Sources */,
				A7A555AB2B182A5C00D5AF7F /* ResponseChatResultView.swift in Sources */,
				A7A555A72B17D7DC00D5AF7F /* ChattingView.swift in Sources */,
				A7A5559D2B178C3500D5AF7F /* ResultsSummaryScreen.swift in Sources */,
				A7A5558E2B177CD900D5AF7F /* TestModel.swift in Sources */,
				A77E60F52B177355004A36BB /* DateString.swift in Sources */,
				A77E60FE2B1773C8004A36BB /* FontManager.swift in Sources */,
				A7A555942B177D9600D5AF7F /* MapView.swift in Sources */,
				A77E60E02B176F31004A36BB /* ContentView.swift in Sources */,
				A7A555A32B17AB8800D5AF7F /* DetailResultListView.swift in Sources */,
				A77E60F32B17734E004A36BB /* Date.swift in Sources */,
				A74721462B17759500006BAE /* TestLottieView.swift in Sources */,
				A77E60DE2B176F31004A36BB /* MongmoriApp.swift in Sources */,
				A7A555A92B18125100D5AF7F /* ResultsSummaryScreen2.swift in Sources */,
				A77E61042B177480004A36BB /* Modifiers.swift in Sources */,
				A77E60FB2B17739E004A36BB /* Constants.swift in Sources */,
				A7A555A52B17C87F00D5AF7F /* ChatBotView.swift in Sources */,
			);
			runOnlyForDeploymentPostprocessing = 0;
		};
/* End PBXSourcesBuildPhase section */

/* Begin XCBuildConfiguration section */
		A77E60E62B176F32004A36BB /* Debug */ = {
			isa = XCBuildConfiguration;
			buildSettings = {
				ALWAYS_SEARCH_USER_PATHS = NO;
				ASSETCATALOG_COMPILER_GENERATE_SWIFT_ASSET_SYMBOL_EXTENSIONS = YES;
				CLANG_ANALYZER_NONNULL = YES;
				CLANG_ANALYZER_NUMBER_OBJECT_CONVERSION = YES_AGGRESSIVE;
				CLANG_CXX_LANGUAGE_STANDARD = "gnu++20";
				CLANG_ENABLE_MODULES = YES;
				CLANG_ENABLE_OBJC_ARC = YES;
				CLANG_ENABLE_OBJC_WEAK = YES;
				CLANG_WARN_BLOCK_CAPTURE_AUTORELEASING = YES;
				CLANG_WARN_BOOL_CONVERSION = YES;
				CLANG_WARN_COMMA = YES;
				CLANG_WARN_CONSTANT_CONVERSION = YES;
				CLANG_WARN_DEPRECATED_OBJC_IMPLEMENTATIONS = YES;
				CLANG_WARN_DIRECT_OBJC_ISA_USAGE = YES_ERROR;
				CLANG_WARN_DOCUMENTATION_COMMENTS = YES;
				CLANG_WARN_EMPTY_BODY = YES;
				CLANG_WARN_ENUM_CONVERSION = YES;
				CLANG_WARN_INFINITE_RECURSION = YES;
				CLANG_WARN_INT_CONVERSION = YES;
				CLANG_WARN_NON_LITERAL_NULL_CONVERSION = YES;
				CLANG_WARN_OBJC_IMPLICIT_RETAIN_SELF = YES;
				CLANG_WARN_OBJC_LITERAL_CONVERSION = YES;
				CLANG_WARN_OBJC_ROOT_CLASS = YES_ERROR;
				CLANG_WARN_QUOTED_INCLUDE_IN_FRAMEWORK_HEADER = YES;
				CLANG_WARN_RANGE_LOOP_ANALYSIS = YES;
				CLANG_WARN_STRICT_PROTOTYPES = YES;
				CLANG_WARN_SUSPICIOUS_MOVE = YES;
				CLANG_WARN_UNGUARDED_AVAILABILITY = YES_AGGRESSIVE;
				CLANG_WARN_UNREACHABLE_CODE = YES;
				CLANG_WARN__DUPLICATE_METHOD_MATCH = YES;
				COPY_PHASE_STRIP = NO;
				DEBUG_INFORMATION_FORMAT = dwarf;
				ENABLE_STRICT_OBJC_MSGSEND = YES;
				ENABLE_TESTABILITY = YES;
				ENABLE_USER_SCRIPT_SANDBOXING = YES;
				GCC_C_LANGUAGE_STANDARD = gnu17;
				GCC_DYNAMIC_NO_PIC = NO;
				GCC_NO_COMMON_BLOCKS = YES;
				GCC_OPTIMIZATION_LEVEL = 0;
				GCC_PREPROCESSOR_DEFINITIONS = (
					"DEBUG=1",
					"$(inherited)",
				);
				GCC_WARN_64_TO_32_BIT_CONVERSION = YES;
				GCC_WARN_ABOUT_RETURN_TYPE = YES_ERROR;
				GCC_WARN_UNDECLARED_SELECTOR = YES;
				GCC_WARN_UNINITIALIZED_AUTOS = YES_AGGRESSIVE;
				GCC_WARN_UNUSED_FUNCTION = YES;
				GCC_WARN_UNUSED_VARIABLE = YES;
				IPHONEOS_DEPLOYMENT_TARGET = 17.0;
				LOCALIZATION_PREFERS_STRING_CATALOGS = YES;
				MTL_ENABLE_DEBUG_INFO = INCLUDE_SOURCE;
				MTL_FAST_MATH = YES;
				ONLY_ACTIVE_ARCH = YES;
				SDKROOT = iphoneos;
				SWIFT_ACTIVE_COMPILATION_CONDITIONS = "DEBUG $(inherited)";
				SWIFT_OPTIMIZATION_LEVEL = "-Onone";
			};
			name = Debug;
		};
		A77E60E72B176F32004A36BB /* Release */ = {
			isa = XCBuildConfiguration;
			buildSettings = {
				ALWAYS_SEARCH_USER_PATHS = NO;
				ASSETCATALOG_COMPILER_GENERATE_SWIFT_ASSET_SYMBOL_EXTENSIONS = YES;
				CLANG_ANALYZER_NONNULL = YES;
				CLANG_ANALYZER_NUMBER_OBJECT_CONVERSION = YES_AGGRESSIVE;
				CLANG_CXX_LANGUAGE_STANDARD = "gnu++20";
				CLANG_ENABLE_MODULES = YES;
				CLANG_ENABLE_OBJC_ARC = YES;
				CLANG_ENABLE_OBJC_WEAK = YES;
				CLANG_WARN_BLOCK_CAPTURE_AUTORELEASING = YES;
				CLANG_WARN_BOOL_CONVERSION = YES;
				CLANG_WARN_COMMA = YES;
				CLANG_WARN_CONSTANT_CONVERSION = YES;
				CLANG_WARN_DEPRECATED_OBJC_IMPLEMENTATIONS = YES;
				CLANG_WARN_DIRECT_OBJC_ISA_USAGE = YES_ERROR;
				CLANG_WARN_DOCUMENTATION_COMMENTS = YES;
				CLANG_WARN_EMPTY_BODY = YES;
				CLANG_WARN_ENUM_CONVERSION = YES;
				CLANG_WARN_INFINITE_RECURSION = YES;
				CLANG_WARN_INT_CONVERSION = YES;
				CLANG_WARN_NON_LITERAL_NULL_CONVERSION = YES;
				CLANG_WARN_OBJC_IMPLICIT_RETAIN_SELF = YES;
				CLANG_WARN_OBJC_LITERAL_CONVERSION = YES;
				CLANG_WARN_OBJC_ROOT_CLASS = YES_ERROR;
				CLANG_WARN_QUOTED_INCLUDE_IN_FRAMEWORK_HEADER = YES;
				CLANG_WARN_RANGE_LOOP_ANALYSIS = YES;
				CLANG_WARN_STRICT_PROTOTYPES = YES;
				CLANG_WARN_SUSPICIOUS_MOVE = YES;
				CLANG_WARN_UNGUARDED_AVAILABILITY = YES_AGGRESSIVE;
				CLANG_WARN_UNREACHABLE_CODE = YES;
				CLANG_WARN__DUPLICATE_METHOD_MATCH = YES;
				COPY_PHASE_STRIP = NO;
				DEBUG_INFORMATION_FORMAT = "dwarf-with-dsym";
				ENABLE_NS_ASSERTIONS = NO;
				ENABLE_STRICT_OBJC_MSGSEND = YES;
				ENABLE_USER_SCRIPT_SANDBOXING = YES;
				GCC_C_LANGUAGE_STANDARD = gnu17;
				GCC_NO_COMMON_BLOCKS = YES;
				GCC_WARN_64_TO_32_BIT_CONVERSION = YES;
				GCC_WARN_ABOUT_RETURN_TYPE = YES_ERROR;
				GCC_WARN_UNDECLARED_SELECTOR = YES;
				GCC_WARN_UNINITIALIZED_AUTOS = YES_AGGRESSIVE;
				GCC_WARN_UNUSED_FUNCTION = YES;
				GCC_WARN_UNUSED_VARIABLE = YES;
				IPHONEOS_DEPLOYMENT_TARGET = 17.0;
				LOCALIZATION_PREFERS_STRING_CATALOGS = YES;
				MTL_ENABLE_DEBUG_INFO = NO;
				MTL_FAST_MATH = YES;
				SDKROOT = iphoneos;
				SWIFT_COMPILATION_MODE = wholemodule;
				VALIDATE_PRODUCT = YES;
			};
			name = Release;
		};
		A77E60E92B176F32004A36BB /* Debug */ = {
			isa = XCBuildConfiguration;
			baseConfigurationReference = AE87DBA4BA873EFAD2D715E2 /* Pods-Mongmori.debug.xcconfig */;
			buildSettings = {
				ASSETCATALOG_COMPILER_APPICON_NAME = AppIcon;
				ASSETCATALOG_COMPILER_GLOBAL_ACCENT_COLOR_NAME = AccentColor;
				CODE_SIGN_STYLE = Automatic;
				CURRENT_PROJECT_VERSION = 1;
				DEVELOPMENT_ASSET_PATHS = "\"Mongmori/Preview Content\"";
				DEVELOPMENT_TEAM = 45DLNKDJCF;
				ENABLE_PREVIEWS = YES;
				ENABLE_USER_SCRIPT_SANDBOXING = NO;
				GENERATE_INFOPLIST_FILE = YES;
				INFOPLIST_FILE = Mongmori/Info.plist;
				INFOPLIST_KEY_UIApplicationSceneManifest_Generation = YES;
				INFOPLIST_KEY_UIApplicationSupportsIndirectInputEvents = YES;
				INFOPLIST_KEY_UILaunchScreen_Generation = YES;
				INFOPLIST_KEY_UISupportedInterfaceOrientations_iPad = "UIInterfaceOrientationPortrait UIInterfaceOrientationPortraitUpsideDown UIInterfaceOrientationLandscapeLeft UIInterfaceOrientationLandscapeRight";
				INFOPLIST_KEY_UISupportedInterfaceOrientations_iPhone = "UIInterfaceOrientationPortrait UIInterfaceOrientationLandscapeLeft UIInterfaceOrientationLandscapeRight";
				IPHONEOS_DEPLOYMENT_TARGET = 17.0;
				LD_RUNPATH_SEARCH_PATHS = (
					"$(inherited)",
					"@executable_path/Frameworks",
				);
				MARKETING_VERSION = 1.0;
				PRODUCT_BUNDLE_IDENTIFIER = com.Mongmori.Mongmori;
				PRODUCT_NAME = "$(TARGET_NAME)";
				SWIFT_EMIT_LOC_STRINGS = YES;
				SWIFT_VERSION = 5.0;
				TARGETED_DEVICE_FAMILY = "1,2";
			};
			name = Debug;
		};
		A77E60EA2B176F32004A36BB /* Release */ = {
			isa = XCBuildConfiguration;
			baseConfigurationReference = 9E452600B7F577ECD06DD3E0 /* Pods-Mongmori.release.xcconfig */;
			buildSettings = {
				ASSETCATALOG_COMPILER_APPICON_NAME = AppIcon;
				ASSETCATALOG_COMPILER_GLOBAL_ACCENT_COLOR_NAME = AccentColor;
				CODE_SIGN_STYLE = Automatic;
				CURRENT_PROJECT_VERSION = 1;
				DEVELOPMENT_ASSET_PATHS = "\"Mongmori/Preview Content\"";
				DEVELOPMENT_TEAM = 45DLNKDJCF;
				ENABLE_PREVIEWS = YES;
				ENABLE_USER_SCRIPT_SANDBOXING = NO;
				GENERATE_INFOPLIST_FILE = YES;
				INFOPLIST_FILE = Mongmori/Info.plist;
				INFOPLIST_KEY_UIApplicationSceneManifest_Generation = YES;
				INFOPLIST_KEY_UIApplicationSupportsIndirectInputEvents = YES;
				INFOPLIST_KEY_UILaunchScreen_Generation = YES;
				INFOPLIST_KEY_UISupportedInterfaceOrientations_iPad = "UIInterfaceOrientationPortrait UIInterfaceOrientationPortraitUpsideDown UIInterfaceOrientationLandscapeLeft UIInterfaceOrientationLandscapeRight";
				INFOPLIST_KEY_UISupportedInterfaceOrientations_iPhone = "UIInterfaceOrientationPortrait UIInterfaceOrientationLandscapeLeft UIInterfaceOrientationLandscapeRight";
				IPHONEOS_DEPLOYMENT_TARGET = 17.0;
				LD_RUNPATH_SEARCH_PATHS = (
					"$(inherited)",
					"@executable_path/Frameworks",
				);
				MARKETING_VERSION = 1.0;
				PRODUCT_BUNDLE_IDENTIFIER = com.Mongmori.Mongmori;
				PRODUCT_NAME = "$(TARGET_NAME)";
				SWIFT_EMIT_LOC_STRINGS = YES;
				SWIFT_VERSION = 5.0;
				TARGETED_DEVICE_FAMILY = "1,2";
			};
			name = Release;
		};
/* End XCBuildConfiguration section */

/* Begin XCConfigurationList section */
		A77E60D52B176F31004A36BB /* Build configuration list for PBXProject "Mongmori" */ = {
			isa = XCConfigurationList;
			buildConfigurations = (
				A77E60E62B176F32004A36BB /* Debug */,
				A77E60E72B176F32004A36BB /* Release */,
			);
			defaultConfigurationIsVisible = 0;
			defaultConfigurationName = Release;
		};
		A77E60E82B176F32004A36BB /* Build configuration list for PBXNativeTarget "Mongmori" */ = {
			isa = XCConfigurationList;
			buildConfigurations = (
				A77E60E92B176F32004A36BB /* Debug */,
				A77E60EA2B176F32004A36BB /* Release */,
			);
			defaultConfigurationIsVisible = 0;
			defaultConfigurationName = Release;
		};
/* End XCConfigurationList section */
	};
	rootObject = A77E60D22B176F31004A36BB /* Project object */;
}
